
Microsoft Visual Studio Solution File, Format Version 12.00
# Visual Studio Version 17
VisualStudioVersion = 17.11.35222.181
MinimumVisualStudioVersion = 10.0.40219.1
Project("{FAE04EC0-301F-11D3-BF4B-00C04F79EFBC}") = "Cat_PL", "..\Cat_PL Project\Cat_PL.csproj", "{15A25883-04AA-4420-9BF0-44F8BA2F3CB9}"
EndProject
Global
	GlobalSection(SolutionConfigurationPlatforms) = preSolution
		Debug|Any CPU = Debug|Any CPU
		Release|Any CPU = Release|Any CPU
	EndGlobalSection
	GlobalSection(ProjectConfigurationPlatforms) = postSolution
		{15A25883-04AA-4420-9BF0-44F8BA2F3CB9}.Debug|Any CPU.ActiveCfg = Debug|Any CPU
		{15A25883-04AA-4420-9BF0-44F8BA2F3CB9}.Debug|Any CPU.Build.0 = Debug|Any CPU
		{15A25883-04AA-4420-9BF0-44F8BA2F3CB9}.Release|Any CPU.ActiveCfg = Release|Any CPU
		{15A25883-04AA-4420-9BF0-44F8BA2F3CB9}.Release|Any CPU.Build.0 = Release|Any CPU
	EndGlobalSection
	GlobalSection(SolutionProperties) = preSolution
		HideSolutionNode = FALSE
	EndGlobalSection
	GlobalSection(ExtensibilityGlobals) = postSolution
		SolutionGuid = {F1FBAD06-D9F1-4589-875D-500D853F28CB}
	EndGlobalSection
EndGlobal
